// !$*UTF8*$!
{
	archiveVersion = 1;
	classes = {
	};
	objectVersion = 46;
	objects = {

/* Begin PBXBuildFile section */
		E510E8C618F322F500020F3E /* Foundation.framework in Frameworks */ = {isa = PBXBuildFile; fileRef = E510E8C518F322F500020F3E /* Foundation.framework */; };
		E510E8C818F322F500020F3E /* CoreGraphics.framework in Frameworks */ = {isa = PBXBuildFile; fileRef = E510E8C718F322F500020F3E /* CoreGraphics.framework */; };
		E510E8CA18F322F500020F3E /* UIKit.framework in Frameworks */ = {isa = PBXBuildFile; fileRef = E510E8C918F322F500020F3E /* UIKit.framework */; };
		E510E8D018F322F500020F3E /* InfoPlist.strings in Resources */ = {isa = PBXBuildFile; fileRef = E510E8CE18F322F500020F3E /* InfoPlist.strings */; };
		E510E8D218F322F500020F3E /* main.m in Sources */ = {isa = PBXBuildFile; fileRef = E510E8D118F322F500020F3E /* main.m */; };
		E510E8D618F322F500020F3E /* AppDelegate.m in Sources */ = {isa = PBXBuildFile; fileRef = E510E8D518F322F500020F3E /* AppDelegate.m */; };
		E510E8D918F322F500020F3E /* Main.storyboard in Resources */ = {isa = PBXBuildFile; fileRef = E510E8D718F322F500020F3E /* Main.storyboard */; };
		E510E8DC18F322F500020F3E /* ViewController.m in Sources */ = {isa = PBXBuildFile; fileRef = E510E8DB18F322F500020F3E /* ViewController.m */; };
		E510E8DE18F322F500020F3E /* Images.xcassets in Resources */ = {isa = PBXBuildFile; fileRef = E510E8DD18F322F500020F3E /* Images.xcassets */; };
		E510E8E518F322F500020F3E /* XCTest.framework in Frameworks */ = {isa = PBXBuildFile; fileRef = E510E8E418F322F500020F3E /* XCTest.framework */; };
		E510E8E618F322F500020F3E /* Foundation.framework in Frameworks */ = {isa = PBXBuildFile; fileRef = E510E8C518F322F500020F3E /* Foundation.framework */; };
		E510E8E718F322F500020F3E /* UIKit.framework in Frameworks */ = {isa = PBXBuildFile; fileRef = E510E8C918F322F500020F3E /* UIKit.framework */; };
		E510E8EF18F322F500020F3E /* InfoPlist.strings in Resources */ = {isa = PBXBuildFile; fileRef = E510E8ED18F322F500020F3E /* InfoPlist.strings */; };
		E510E8F118F322F500020F3E /* iKopfrechnenTests.m in Sources */ = {isa = PBXBuildFile; fileRef = E510E8F018F322F500020F3E /* iKopfrechnenTests.m */; };
		E510E8FC18F3236F00020F3E /* SpielViewController.m in Sources */ = {isa = PBXBuildFile; fileRef = E510E8FB18F3236F00020F3E /* SpielViewController.m */; };
		E514C7C018F8512900AD7031 /* SpielBeendetViewController.m in Sources */ = {isa = PBXBuildFile; fileRef = E514C7BF18F8512900AD7031 /* SpielBeendetViewController.m */; };
		E586AF0318FAEEE700C2C86A /* EinstellungenTableViewController.m in Sources */ = {isa = PBXBuildFile; fileRef = E586AF0218FAEEE700C2C86A /* EinstellungenTableViewController.m */; };
/* End PBXBuildFile section */

/* Begin PBXContainerItemProxy section */
		E510E8E818F322F500020F3E /* PBXContainerItemProxy */ = {
			isa = PBXContainerItemProxy;
			containerPortal = E510E8BA18F322F500020F3E /* Project object */;
			proxyType = 1;
			remoteGlobalIDString = E510E8C118F322F500020F3E;
			remoteInfo = iKopfrechnen;
		};
/* End PBXContainerItemProxy section */

/* Begin PBXFileReference section */
		E510E8C218F322F500020F3E /* iKopfrechnen.app */ = {isa = PBXFileReference; explicitFileType = wrapper.application; includeInIndex = 0; path = iKopfrechnen.app; sourceTree = BUILT_PRODUCTS_DIR; };
		E510E8C518F322F500020F3E /* Foundation.framework */ = {isa = PBXFileReference; lastKnownFileType = wrapper.framework; name = Foundation.framework; path = System/Library/Frameworks/Foundation.framework; sourceTree = SDKROOT; };
		E510E8C718F322F500020F3E /* CoreGraphics.framework */ = {isa = PBXFileReference; lastKnownFileType = wrapper.framework; name = CoreGraphics.framework; path = System/Library/Frameworks/CoreGraphics.framework; sourceTree = SDKROOT; };
		E510E8C918F322F500020F3E /* UIKit.framework */ = {isa = PBXFileReference; lastKnownFileType = wrapper.framework; name = UIKit.framework; path = System/Library/Frameworks/UIKit.framework; sourceTree = SDKROOT; };
		E510E8CD18F322F500020F3E /* iKopfrechnen-Info.plist */ = {isa = PBXFileReference; lastKnownFileType = text.plist.xml; path = "iKopfrechnen-Info.plist"; sourceTree = "<group>"; };
		E510E8CF18F322F500020F3E /* en */ = {isa = PBXFileReference; lastKnownFileType = text.plist.strings; name = en; path = en.lproj/InfoPlist.strings; sourceTree = "<group>"; };
		E510E8D118F322F500020F3E /* main.m */ = {isa = PBXFileReference; lastKnownFileType = sourcecode.c.objc; path = main.m; sourceTree = "<group>"; };
		E510E8D318F322F500020F3E /* iKopfrechnen-Prefix.pch */ = {isa = PBXFileReference; lastKnownFileType = sourcecode.c.h; path = "iKopfrechnen-Prefix.pch"; sourceTree = "<group>"; };
		E510E8D418F322F500020F3E /* AppDelegate.h */ = {isa = PBXFileReference; lastKnownFileType = sourcecode.c.h; path = AppDelegate.h; sourceTree = "<group>"; };
		E510E8D518F322F500020F3E /* AppDelegate.m */ = {isa = PBXFileReference; lastKnownFileType = sourcecode.c.objc; path = AppDelegate.m; sourceTree = "<group>"; };
		E510E8D818F322F500020F3E /* Base */ = {isa = PBXFileReference; lastKnownFileType = file.storyboard; name = Base; path = Base.lproj/Main.storyboard; sourceTree = "<group>"; };
		E510E8DA18F322F500020F3E /* ViewController.h */ = {isa = PBXFileReference; lastKnownFileType = sourcecode.c.h; path = ViewController.h; sourceTree = "<group>"; };
		E510E8DB18F322F500020F3E /* ViewController.m */ = {isa = PBXFileReference; lastKnownFileType = sourcecode.c.objc; path = ViewController.m; sourceTree = "<group>"; };
		E510E8DD18F322F500020F3E /* Images.xcassets */ = {isa = PBXFileReference; lastKnownFileType = folder.assetcatalog; path = Images.xcassets; sourceTree = "<group>"; };
		E510E8E318F322F500020F3E /* iKopfrechnenTests.xctest */ = {isa = PBXFileReference; explicitFileType = wrapper.cfbundle; includeInIndex = 0; path = iKopfrechnenTests.xctest; sourceTree = BUILT_PRODUCTS_DIR; };
		E510E8E418F322F500020F3E /* XCTest.framework */ = {isa = PBXFileReference; lastKnownFileType = wrapper.framework; name = XCTest.framework; path = Library/Frameworks/XCTest.framework; sourceTree = DEVELOPER_DIR; };
		E510E8EC18F322F500020F3E /* iKopfrechnenTests-Info.plist */ = {isa = PBXFileReference; lastKnownFileType = text.plist.xml; path = "iKopfrechnenTests-Info.plist"; sourceTree = "<group>"; };
		E510E8EE18F322F500020F3E /* en */ = {isa = PBXFileReference; lastKnownFileType = text.plist.strings; name = en; path = en.lproj/InfoPlist.strings; sourceTree = "<group>"; };
		E510E8F018F322F500020F3E /* iKopfrechnenTests.m */ = {isa = PBXFileReference; lastKnownFileType = sourcecode.c.objc; path = iKopfrechnenTests.m; sourceTree = "<group>"; };
		E510E8FA18F3236F00020F3E /* SpielViewController.h */ = {isa = PBXFileReference; fileEncoding = 4; lastKnownFileType = sourcecode.c.h; path = SpielViewController.h; sourceTree = "<group>"; };
		E510E8FB18F3236F00020F3E /* SpielViewController.m */ = {isa = PBXFileReference; fileEncoding = 4; lastKnownFileType = sourcecode.c.objc; path = SpielViewController.m; sourceTree = "<group>"; };
		E514C7BE18F8512900AD7031 /* SpielBeendetViewController.h */ = {isa = PBXFileReference; fileEncoding = 4; lastKnownFileType = sourcecode.c.h; path = SpielBeendetViewController.h; sourceTree = "<group>"; };
		E514C7BF18F8512900AD7031 /* SpielBeendetViewController.m */ = {isa = PBXFileReference; fileEncoding = 4; lastKnownFileType = sourcecode.c.objc; path = SpielBeendetViewController.m; sourceTree = "<group>"; };
		E586AF0118FAEEE700C2C86A /* EinstellungenTableViewController.h */ = {isa = PBXFileReference; fileEncoding = 4; lastKnownFileType = sourcecode.c.h; name = EinstellungenTableViewController.h; path = ../EinstellungenTableViewController.h; sourceTree = "<group>"; };
		E586AF0218FAEEE700C2C86A /* EinstellungenTableViewController.m */ = {isa = PBXFileReference; fileEncoding = 4; lastKnownFileType = sourcecode.c.objc; name = EinstellungenTableViewController.m; path = ../EinstellungenTableViewController.m; sourceTree = "<group>"; };
/* End PBXFileReference section */

/* Begin PBXFrameworksBuildPhase section */
		E510E8BF18F322F500020F3E /* Frameworks */ = {
			isa = PBXFrameworksBuildPhase;
			buildActionMask = 2147483647;
			files = (
				E510E8C818F322F500020F3E /* CoreGraphics.framework in Frameworks */,
				E510E8CA18F322F500020F3E /* UIKit.framework in Frameworks */,
				E510E8C618F322F500020F3E /* Foundation.framework in Frameworks */,
			);
			runOnlyForDeploymentPostprocessing = 0;
		};
		E510E8E018F322F500020F3E /* Frameworks */ = {
			isa = PBXFrameworksBuildPhase;
			buildActionMask = 2147483647;
			files = (
				E510E8E518F322F500020F3E /* XCTest.framework in Frameworks */,
				E510E8E718F322F500020F3E /* UIKit.framework in Frameworks */,
				E510E8E618F322F500020F3E /* Foundation.framework in Frameworks */,
			);
			runOnlyForDeploymentPostprocessing = 0;
		};
/* End PBXFrameworksBuildPhase section */

/* Begin PBXGroup section */
		E510E8B918F322F500020F3E = {
			isa = PBXGroup;
			children = (
				E510E8CB18F322F500020F3E /* iKopfrechnen */,
				E510E8EA18F322F500020F3E /* iKopfrechnenTests */,
				E510E8C418F322F500020F3E /* Frameworks */,
				E510E8C318F322F500020F3E /* Products */,
			);
			sourceTree = "<group>";
		};
		E510E8C318F322F500020F3E /* Products */ = {
			isa = PBXGroup;
			children = (
				E510E8C218F322F500020F3E /* iKopfrechnen.app */,
				E510E8E318F322F500020F3E /* iKopfrechnenTests.xctest */,
			);
			name = Products;
			sourceTree = "<group>";
		};
		E510E8C418F322F500020F3E /* Frameworks */ = {
			isa = PBXGroup;
			children = (
				E510E8C518F322F500020F3E /* Foundation.framework */,
				E510E8C718F322F500020F3E /* CoreGraphics.framework */,
				E510E8C918F322F500020F3E /* UIKit.framework */,
				E510E8E418F322F500020F3E /* XCTest.framework */,
			);
			name = Frameworks;
			sourceTree = "<group>";
		};
		E510E8CB18F322F500020F3E /* iKopfrechnen */ = {
			isa = PBXGroup;
			children = (
				E510E8D718F322F500020F3E /* Main.storyboard */,
				E510E8D418F322F500020F3E /* AppDelegate.h */,
				E510E8D518F322F500020F3E /* AppDelegate.m */,
				E510E8DA18F322F500020F3E /* ViewController.h */,
				E510E8DB18F322F500020F3E /* ViewController.m */,
				E586AF0118FAEEE700C2C86A /* EinstellungenTableViewController.h */,
				E586AF0218FAEEE700C2C86A /* EinstellungenTableViewController.m */,
				E510E8FA18F3236F00020F3E /* SpielViewController.h */,
				E510E8FB18F3236F00020F3E /* SpielViewController.m */,
				E514C7BE18F8512900AD7031 /* SpielBeendetViewController.h */,
				E514C7BF18F8512900AD7031 /* SpielBeendetViewController.m */,
				E510E8DD18F322F500020F3E /* Images.xcassets */,
				E510E8CC18F322F500020F3E /* Supporting Files */,
			);
			path = iKopfrechnen;
			sourceTree = "<group>";
		};
		E510E8CC18F322F500020F3E /* Supporting Files */ = {
			isa = PBXGroup;
			children = (
				E510E8CD18F322F500020F3E /* iKopfrechnen-Info.plist */,
				E510E8CE18F322F500020F3E /* InfoPlist.strings */,
				E510E8D118F322F500020F3E /* main.m */,
				E510E8D318F322F500020F3E /* iKopfrechnen-Prefix.pch */,
			);
			name = "Supporting Files";
			sourceTree = "<group>";
		};
		E510E8EA18F322F500020F3E /* iKopfrechnenTests */ = {
			isa = PBXGroup;
			children = (
				E510E8F018F322F500020F3E /* iKopfrechnenTests.m */,
				E510E8EB18F322F500020F3E /* Supporting Files */,
			);
			path = iKopfrechnenTests;
			sourceTree = "<group>";
		};
		E510E8EB18F322F500020F3E /* Supporting Files */ = {
			isa = PBXGroup;
			children = (
				E510E8EC18F322F500020F3E /* iKopfrechnenTests-Info.plist */,
				E510E8ED18F322F500020F3E /* InfoPlist.strings */,
			);
			name = "Supporting Files";
			sourceTree = "<group>";
		};
/* End PBXGroup section */

/* Begin PBXNativeTarget section */
		E510E8C118F322F500020F3E /* iKopfrechnen */ = {
			isa = PBXNativeTarget;
			buildConfigurationList = E510E8F418F322F500020F3E /* Build configuration list for PBXNativeTarget "iKopfrechnen" */;
			buildPhases = (
				E510E8BE18F322F500020F3E /* Sources */,
				E510E8BF18F322F500020F3E /* Frameworks */,
				E510E8C018F322F500020F3E /* Resources */,
			);
			buildRules = (
			);
			dependencies = (
			);
			name = iKopfrechnen;
			productName = iKopfrechnen;
			productReference = E510E8C218F322F500020F3E /* iKopfrechnen.app */;
			productType = "com.apple.product-type.application";
		};
		E510E8E218F322F500020F3E /* iKopfrechnenTests */ = {
			isa = PBXNativeTarget;
			buildConfigurationList = E510E8F718F322F500020F3E /* Build configuration list for PBXNativeTarget "iKopfrechnenTests" */;
			buildPhases = (
				E510E8DF18F322F500020F3E /* Sources */,
				E510E8E018F322F500020F3E /* Frameworks */,
				E510E8E118F322F500020F3E /* Resources */,
			);
			buildRules = (
			);
			dependencies = (
				E510E8E918F322F500020F3E /* PBXTargetDependency */,
			);
			name = iKopfrechnenTests;
			productName = iKopfrechnenTests;
			productReference = E510E8E318F322F500020F3E /* iKopfrechnenTests.xctest */;
			productType = "com.apple.product-type.bundle.unit-test";
		};
/* End PBXNativeTarget section */

/* Begin PBXProject section */
		E510E8BA18F322F500020F3E /* Project object */ = {
			isa = PBXProject;
			attributes = {
				LastUpgradeCheck = 0510;
				ORGANIZATIONNAME = "Fabio Franke";
				TargetAttributes = {
					E510E8E218F322F500020F3E = {
						TestTargetID = E510E8C118F322F500020F3E;
					};
				};
			};
			buildConfigurationList = E510E8BD18F322F500020F3E /* Build configuration list for PBXProject "iKopfrechnen" */;
			compatibilityVersion = "Xcode 3.2";
			developmentRegion = English;
			hasScannedForEncodings = 0;
			knownRegions = (
				en,
				Base,
			);
			mainGroup = E510E8B918F322F500020F3E;
			productRefGroup = E510E8C318F322F500020F3E /* Products */;
			projectDirPath = "";
			projectRoot = "";
			targets = (
				E510E8C118F322F500020F3E /* iKopfrechnen */,
				E510E8E218F322F500020F3E /* iKopfrechnenTests */,
			);
		};
/* End PBXProject section */

/* Begin PBXResourcesBuildPhase section */
		E510E8C018F322F500020F3E /* Resources */ = {
			isa = PBXResourcesBuildPhase;
			buildActionMask = 2147483647;
			files = (
				E510E8DE18F322F500020F3E /* Images.xcassets in Resources */,
				E510E8D018F322F500020F3E /* InfoPlist.strings in Resources */,
				E510E8D918F322F500020F3E /* Main.storyboard in Resources */,
			);
			runOnlyForDeploymentPostprocessing = 0;
		};
		E510E8E118F322F500020F3E /* Resources */ = {
			isa = PBXResourcesBuildPhase;
			buildActionMask = 2147483647;
			files = (
				E510E8EF18F322F500020F3E /* InfoPlist.strings in Resources */,
			);
			runOnlyForDeploymentPostprocessing = 0;
		};
/* End PBXResourcesBuildPhase section */

/* Begin PBXSourcesBuildPhase section */
		E510E8BE18F322F500020F3E /* Sources */ = {
			isa = PBXSourcesBuildPhase;
			buildActionMask = 2147483647;
			files = (
				E510E8FC18F3236F00020F3E /* SpielViewController.m in Sources */,
				E510E8DC18F322F500020F3E /* ViewController.m in Sources */,
				E510E8D618F322F500020F3E /* AppDelegate.m in Sources */,
				E586AF0318FAEEE700C2C86A /* EinstellungenTableViewController.m in Sources */,
				E514C7C018F8512900AD7031 /* SpielBeendetViewController.m in Sources */,
				E510E8D218F322F500020F3E /* main.m in Sources */,
			);
			runOnlyForDeploymentPostprocessing = 0;
		};
		E510E8DF18F322F500020F3E /* Sources */ = {
			isa = PBXSourcesBuildPhase;
			buildActionMask = 2147483647;
			files = (
				E510E8F118F322F500020F3E /* iKopfrechnenTests.m in Sources */,
			);
			runOnlyForDeploymentPostprocessing = 0;
		};
/* End PBXSourcesBuildPhase section */

/* Begin PBXTargetDependency section */
		E510E8E918F322F500020F3E /* PBXTargetDependency */ = {
			isa = PBXTargetDependency;
			target = E510E8C118F322F500020F3E /* iKopfrechnen */;
			targetProxy = E510E8E818F322F500020F3E /* PBXContainerItemProxy */;
		};
/* End PBXTargetDependency section */

/* Begin PBXVariantGroup section */
		E510E8CE18F322F500020F3E /* InfoPlist.strings */ = {
			isa = PBXVariantGroup;
			children = (
				E510E8CF18F322F500020F3E /* en */,
			);
			name = InfoPlist.strings;
			sourceTree = "<group>";
		};
		E510E8D718F322F500020F3E /* Main.storyboard */ = {
			isa = PBXVariantGroup;
			children = (
				E510E8D818F322F500020F3E /* Base */,
			);
			name = Main.storyboard;
			sourceTree = "<group>";
		};
		E510E8ED18F322F500020F3E /* InfoPlist.strings */ = {
			isa = PBXVariantGroup;
			children = (
				E510E8EE18F322F500020F3E /* en */,
			);
			name = InfoPlist.strings;
			sourceTree = "<group>";
		};
/* End PBXVariantGroup section */

/* Begin XCBuildConfiguration section */
		E510E8F218F322F500020F3E /* Debug */ = {
			isa = XCBuildConfiguration;
			buildSettings = {
				ALWAYS_SEARCH_USER_PATHS = NO;
				CLANG_CXX_LANGUAGE_STANDARD = "gnu++0x";
				CLANG_CXX_LIBRARY = "libc++";
				CLANG_ENABLE_MODULES = YES;
				CLANG_ENABLE_OBJC_ARC = YES;
				CLANG_WARN_BOOL_CONVERSION = YES;
				CLANG_WARN_CONSTANT_CONVERSION = YES;
				CLANG_WARN_DIRECT_OBJC_ISA_USAGE = YES_ERROR;
				CLANG_WARN_EMPTY_BODY = YES;
				CLANG_WARN_ENUM_CONVERSION = YES;
				CLANG_WARN_INT_CONVERSION = YES;
				CLANG_WARN_OBJC_ROOT_CLASS = YES_ERROR;
				CLANG_WARN__DUPLICATE_METHOD_MATCH = YES;
				"CODE_SIGN_IDENTITY[sdk=iphoneos*]" = "iPhone Developer";
				COPY_PHASE_STRIP = NO;
				GCC_C_LANGUAGE_STANDARD = gnu99;
				GCC_DYNAMIC_NO_PIC = NO;
				GCC_OPTIMIZATION_LEVEL = 0;
				GCC_PREPROCESSOR_DEFINITIONS = (
					"DEBUG=1",
					"$(inherited)",
				);
				GCC_SYMBOLS_PRIVATE_EXTERN = NO;
				GCC_WARN_64_TO_32_BIT_CONVERSION = YES;
				GCC_WARN_ABOUT_RETURN_TYPE = YES_ERROR;
				GCC_WARN_UNDECLARED_SELECTOR = YES;
				GCC_WARN_UNINITIALIZED_AUTOS = YES_AGGRESSIVE;
				GCC_WARN_UNUSED_FUNCTION = YES;
				GCC_WARN_UNUSED_VARIABLE = YES;
				IPHONEOS_DEPLOYMENT_TARGET = 7.1;
				ONLY_ACTIVE_ARCH = YES;
				SDKROOT = iphoneos;
			};
			name = Debug;
		};
		E510E8F318F322F500020F3E /* Release */ = {
			isa = XCBuildConfiguration;
			buildSettings = {
				ALWAYS_SEARCH_USER_PATHS = NO;
				CLANG_CXX_LANGUAGE_STANDARD = "gnu++0x";
				CLANG_CXX_LIBRARY = "libc++";
				CLANG_ENABLE_MODULES = YES;
				CLANG_ENABLE_OBJC_ARC = YES;
				CLANG_WARN_BOOL_CONVERSION = YES;
				CLANG_WARN_CONSTANT_CONVERSION = YES;
				CLANG_WARN_DIRECT_OBJC_ISA_USAGE = YES_ERROR;
				CLANG_WARN_EMPTY_BODY = YES;
				CLANG_WARN_ENUM_CONVERSION = YES;
				CLANG_WARN_INT_CONVERSION = YES;
				CLANG_WARN_OBJC_ROOT_CLASS = YES_ERROR;
				CLANG_WARN__DUPLICATE_METHOD_MATCH = YES;
				"CODE_SIGN_IDENTITY[sdk=iphoneos*]" = "iPhone Developer";
				COPY_PHASE_STRIP = YES;
				ENABLE_NS_ASSERTIONS = NO;
				GCC_C_LANGUAGE_STANDARD = gnu99;
				GCC_WARN_64_TO_32_BIT_CONVERSION = YES;
				GCC_WARN_ABOUT_RETURN_TYPE = YES_ERROR;
				GCC_WARN_UNDECLARED_SELECTOR = YES;
				GCC_WARN_UNINITIALIZED_AUTOS = YES_AGGRESSIVE;
				GCC_WARN_UNUSED_FUNCTION = YES;
				GCC_WARN_UNUSED_VARIABLE = YES;
				IPHONEOS_DEPLOYMENT_TARGET = 7.1;
				SDKROOT = iphoneos;
				VALIDATE_PRODUCT = YES;
			};
			name = Release;
		};
		E510E8F518F322F500020F3E /* Debug */ = {
			isa = XCBuildConfiguration;
			buildSettings = {
				ASSETCATALOG_COMPILER_APPICON_NAME = AppIcon;
				ASSETCATALOG_COMPILER_LAUNCHIMAGE_NAME = LaunchImage;
				"CODE_SIGN_IDENTITY[sdk=iphoneos*]" = "";
				GCC_PRECOMPILE_PREFIX_HEADER = YES;
				GCC_PREFIX_HEADER = "iKopfrechnen/iKopfrechnen-Prefix.pch";
				INFOPLIST_FILE = "iKopfrechnen/iKopfrechnen-Info.plist";
				IPHONEOS_DEPLOYMENT_TARGET = 7.0;
				PRODUCT_NAME = "$(TARGET_NAME)";
				WRAPPER_EXTENSION = app;
			};
			name = Debug;
		};
		E510E8F618F322F500020F3E /* Release */ = {
			isa = XCBuildConfiguration;
			buildSettings = {
				ASSETCATALOG_COMPILER_APPICON_NAME = AppIcon;
				ASSETCATALOG_COMPILER_LAUNCHIMAGE_NAME = LaunchImage;
				"CODE_SIGN_IDENTITY[sdk=iphoneos*]" = "";
				GCC_PRECOMPILE_PREFIX_HEADER = YES;
				GCC_PREFIX_HEADER = "iKopfrechnen/iKopfrechnen-Prefix.pch";
				INFOPLIST_FILE = "iKopfrechnen/iKopfrechnen-Info.plist";
				IPHONEOS_DEPLOYMENT_TARGET = 7.0;
				PRODUCT_NAME = "$(TARGET_NAME)";
				WRAPPER_EXTENSION = app;
			};
			name = Release;
		};
		E510E8F818F322F500020F3E /* Debug */ = {
			isa = XCBuildConfiguration;
			buildSettings = {
				BUNDLE_LOADER = "$(BUILT_PRODUCTS_DIR)/iKopfrechnen.app/iKopfrechnen";
				FRAMEWORK_SEARCH_PATHS = (
					"$(SDKROOT)/Developer/Library/Frameworks",
					"$(inherited)",
					"$(DEVELOPER_FRAMEWORKS_DIR)",
				);
				GCC_PRECOMPILE_PREFIX_HEADER = YES;
				GCC_PREFIX_HEADER = "iKopfrechnen/iKopfrechnen-Prefix.pch";
				GCC_PREPROCESSOR_DEFINITIONS = (
					"DEBUG=1",
					"$(inherited)",
				);
				INFOPLIST_FILE = "iKopfrechnenTests/iKopfrechnenTests-Info.plist";
				PRODUCT_NAME = "$(TARGET_NAME)";
				TEST_HOST = "$(BUNDLE_LOADER)";
				WRAPPER_EXTENSION = xctest;
			};
			name = Debug;
		};
		E510E8F918F322F500020F3E /* Release */ = {
			isa = XCBuildConfiguration;
			buildSettings = {
				BUNDLE_LOADER = "$(BUILT_PRODUCTS_DIR)/iKopfrechnen.app/iKopfrechnen";
				FRAMEWORK_SEARCH_PATHS = (
					"$(SDKROOT)/Developer/Library/Frameworks",
					"$(inherited)",
					"$(DEVELOPER_FRAMEWORKS_DIR)",
				);
				GCC_PRECOMPILE_PREFIX_HEADER = YES;
				GCC_PREFIX_HEADER = "iKopfrechnen/iKopfrechnen-Prefix.pch";
				INFOPLIST_FILE = "iKopfrechnenTests/iKopfrechnenTests-Info.plist";
				PRODUCT_NAME = "$(TARGET_NAME)";
				TEST_HOST = "$(BUNDLE_LOADER)";
				WRAPPER_EXTENSION = xctest;
			};
			name = Release;
		};
/* End XCBuildConfiguration section */

/* Begin XCConfigurationList section */
		E510E8BD18F322F500020F3E /* Build configuration list for PBXProject "iKopfrechnen" */ = {
			isa = XCConfigurationList;
			buildConfigurations = (
				E510E8F218F322F500020F3E /* Debug */,
				E510E8F318F322F500020F3E /* Release */,
			);
			defaultConfigurationIsVisible = 0;
			defaultConfigurationName = Release;
		};
		E510E8F418F322F500020F3E /* Build configuration list for PBXNativeTarget "iKopfrechnen" */ = {
			isa = XCConfigurationList;
			buildConfigurations = (
				E510E8F518F322F500020F3E /* Debug */,
				E510E8F618F322F500020F3E /* Release */,
			);
			defaultConfigurationIsVisible = 0;
			defaultConfigurationName = Release;
		};
		E510E8F718F322F500020F3E /* Build configuration list for PBXNativeTarget "iKopfrechnenTests" */ = {
			isa = XCConfigurationList;
			buildConfigurations = (
				E510E8F818F322F500020F3E /* Debug */,
				E510E8F918F322F500020F3E /* Release */,
			);
			defaultConfigurationIsVisible = 0;
			defaultConfigurationName = Release;
		};
/* End XCConfigurationList section */
	};
	rootObject = E510E8BA18F322F500020F3E /* Project object */;
}
